// !$*UTF8*$!
{
	archiveVersion = 1;
	classes = {
	};
	objectVersion = 50;
	objects = {

/* Begin PBXBuildFile section */
		DD70C4A09A45017C09FCD9E1 /* Pods_first.framework in Frameworks */ = {isa = PBXBuildFile; fileRef = BB2397FFB997DB184CCD88B2 /* Pods_first.framework */; };
		F9BABE6A207314410036D6C1 /* AppDelegate.swift in Sources */ = {isa = PBXBuildFile; fileRef = F9BABE69207314410036D6C1 /* AppDelegate.swift */; };
		F9BABE6C207314410036D6C1 /* ViewController.swift in Sources */ = {isa = PBXBuildFile; fileRef = F9BABE6B207314410036D6C1 /* ViewController.swift */; };
		F9BABE6F207314410036D6C1 /* Main.storyboard in Resources */ = {isa = PBXBuildFile; fileRef = F9BABE6D207314410036D6C1 /* Main.storyboard */; };
		F9BABE71207314420036D6C1 /* Assets.xcassets in Resources */ = {isa = PBXBuildFile; fileRef = F9BABE70207314420036D6C1 /* Assets.xcassets */; };
		F9BABE74207314420036D6C1 /* LaunchScreen.storyboard in Resources */ = {isa = PBXBuildFile; fileRef = F9BABE72207314420036D6C1 /* LaunchScreen.storyboard */; };
		F9BABE7D20731CE50036D6C1 /* MapKit.framework in Frameworks */ = {isa = PBXBuildFile; fileRef = F9BABE7C20731CE50036D6C1 /* MapKit.framework */; };
		F9BABE7F20731D220036D6C1 /* WebViewController.swift in Sources */ = {isa = PBXBuildFile; fileRef = F9BABE7E20731D220036D6C1 /* WebViewController.swift */; };
		F9E9898A207401A70027BDF8 /* MenuViewController.swift in Sources */ = {isa = PBXBuildFile; fileRef = F9E98989207401A70027BDF8 /* MenuViewController.swift */; };
/* End PBXBuildFile section */

/* Begin PBXFileReference section */
		32181F016D24A857A2E36985 /* Pods-first.debug.xcconfig */ = {isa = PBXFileReference; includeInIndex = 1; lastKnownFileType = text.xcconfig; name = "Pods-first.debug.xcconfig"; path = "Pods/Target Support Files/Pods-first/Pods-first.debug.xcconfig"; sourceTree = "<group>"; };
		530A81C8C444E92B5612E9F5 /* Pods-first.release.xcconfig */ = {isa = PBXFileReference; includeInIndex = 1; lastKnownFileType = text.xcconfig; name = "Pods-first.release.xcconfig"; path = "Pods/Target Support Files/Pods-first/Pods-first.release.xcconfig"; sourceTree = "<group>"; };
		BB2397FFB997DB184CCD88B2 /* Pods_first.framework */ = {isa = PBXFileReference; explicitFileType = wrapper.framework; includeInIndex = 0; path = Pods_first.framework; sourceTree = BUILT_PRODUCTS_DIR; };
		F9050B3A2075EB9600ADA815 /* style.data */ = {isa = PBXFileReference; lastKnownFileType = file; name = style.data; path = ../../../Downloads/style.data; sourceTree = "<group>"; };
		F9BABE66207314410036D6C1 /* first.app */ = {isa = PBXFileReference; explicitFileType = wrapper.application; includeInIndex = 0; path = first.app; sourceTree = BUILT_PRODUCTS_DIR; };
		F9BABE69207314410036D6C1 /* AppDelegate.swift */ = {isa = PBXFileReference; lastKnownFileType = sourcecode.swift; path = AppDelegate.swift; sourceTree = "<group>"; };
		F9BABE6B207314410036D6C1 /* ViewController.swift */ = {isa = PBXFileReference; lastKnownFileType = sourcecode.swift; path = ViewController.swift; sourceTree = "<group>"; };
		F9BABE6E207314410036D6C1 /* Base */ = {isa = PBXFileReference; lastKnownFileType = file.storyboard; name = Base; path = Base.lproj/Main.storyboard; sourceTree = "<group>"; };
		F9BABE70207314420036D6C1 /* Assets.xcassets */ = {isa = PBXFileReference; lastKnownFileType = folder.assetcatalog; path = Assets.xcassets; sourceTree = "<group>"; };
		F9BABE73207314420036D6C1 /* Base */ = {isa = PBXFileReference; lastKnownFileType = file.storyboard; name = Base; path = Base.lproj/LaunchScreen.storyboard; sourceTree = "<group>"; };
		F9BABE75207314420036D6C1 /* Info.plist */ = {isa = PBXFileReference; lastKnownFileType = text.plist.xml; path = Info.plist; sourceTree = "<group>"; };
		F9BABE7C20731CE50036D6C1 /* MapKit.framework */ = {isa = PBXFileReference; lastKnownFileType = wrapper.framework; name = MapKit.framework; path = System/Library/Frameworks/MapKit.framework; sourceTree = SDKROOT; };
		F9BABE7E20731D220036D6C1 /* WebViewController.swift */ = {isa = PBXFileReference; lastKnownFileType = sourcecode.swift; path = WebViewController.swift; sourceTree = "<group>"; };
		F9E989862073F0980027BDF8 /* first-Bridging-Header.h */ = {isa = PBXFileReference; lastKnownFileType = sourcecode.c.h; path = "first-Bridging-Header.h"; sourceTree = "<group>"; };
		F9E98989207401A70027BDF8 /* MenuViewController.swift */ = {isa = PBXFileReference; lastKnownFileType = sourcecode.swift; path = MenuViewController.swift; sourceTree = "<group>"; };
/* End PBXFileReference section */

/* Begin PBXFrameworksBuildPhase section */
		F9BABE63207314410036D6C1 /* Frameworks */ = {
			isa = PBXFrameworksBuildPhase;
			buildActionMask = 2147483647;
			files = (
				F9BABE7D20731CE50036D6C1 /* MapKit.framework in Frameworks */,
				DD70C4A09A45017C09FCD9E1 /* Pods_first.framework in Frameworks */,
			);
			runOnlyForDeploymentPostprocessing = 0;
		};
/* End PBXFrameworksBuildPhase section */

/* Begin PBXGroup section */
		048CA1745913DA3D697B8C6B /* Pods */ = {
			isa = PBXGroup;
			children = (
				32181F016D24A857A2E36985 /* Pods-first.debug.xcconfig */,
				530A81C8C444E92B5612E9F5 /* Pods-first.release.xcconfig */,
			);
			name = Pods;
			sourceTree = "<group>";
		};
		F9BABE5D207314410036D6C1 = {
			isa = PBXGroup;
			children = (
				F9BABE68207314410036D6C1 /* first */,
				F9BABE67207314410036D6C1 /* Products */,
				F9BABE7B20731CE50036D6C1 /* Frameworks */,
				048CA1745913DA3D697B8C6B /* Pods */,
			);
			sourceTree = "<group>";
		};
		F9BABE67207314410036D6C1 /* Products */ = {
			isa = PBXGroup;
			children = (
				F9BABE66207314410036D6C1 /* first.app */,
			);
			name = Products;
			sourceTree = "<group>";
		};
		F9BABE68207314410036D6C1 /* first */ = {
			isa = PBXGroup;
			children = (
				F9050B3A2075EB9600ADA815 /* style.data */,
				F9BABE69207314410036D6C1 /* AppDelegate.swift */,
				F9BABE6B207314410036D6C1 /* ViewController.swift */,
				F9BABE6D207314410036D6C1 /* Main.storyboard */,
				F9BABE70207314420036D6C1 /* Assets.xcassets */,
				F9BABE72207314420036D6C1 /* LaunchScreen.storyboard */,
				F9BABE75207314420036D6C1 /* Info.plist */,
				F9BABE7E20731D220036D6C1 /* WebViewController.swift */,
				F9E989862073F0980027BDF8 /* first-Bridging-Header.h */,
				F9E98989207401A70027BDF8 /* MenuViewController.swift */,
			);
			path = first;
			sourceTree = "<group>";
		};
		F9BABE7B20731CE50036D6C1 /* Frameworks */ = {
			isa = PBXGroup;
			children = (
				F9BABE7C20731CE50036D6C1 /* MapKit.framework */,
				BB2397FFB997DB184CCD88B2 /* Pods_first.framework */,
			);
			name = Frameworks;
			sourceTree = "<group>";
		};
/* End PBXGroup section */

/* Begin PBXNativeTarget section */
		F9BABE65207314410036D6C1 /* first */ = {
			isa = PBXNativeTarget;
			buildConfigurationList = F9BABE78207314420036D6C1 /* Build configuration list for PBXNativeTarget "first" */;
			buildPhases = (
				7E89C9B58B10F02984851BB1 /* [CP] Check Pods Manifest.lock */,
				F9BABE62207314410036D6C1 /* Sources */,
				F9BABE63207314410036D6C1 /* Frameworks */,
				F9BABE64207314410036D6C1 /* Resources */,
				CD46956EE0CCC51CFA345DAF /* [CP] Embed Pods Frameworks */,
				49E31ACF0E4198ED7CD8EA18 /* [CP] Copy Pods Resources */,
			);
			buildRules = (
			);
			dependencies = (
			);
			name = first;
			productName = first;
			productReference = F9BABE66207314410036D6C1 /* first.app */;
			productType = "com.apple.product-type.application";
		};
/* End PBXNativeTarget section */

/* Begin PBXProject section */
		F9BABE5E207314410036D6C1 /* Project object */ = {
			isa = PBXProject;
			attributes = {
				LastSwiftUpdateCheck = 0930;
				LastUpgradeCheck = 0930;
				ORGANIZATIONNAME = www.riccin.com;
				TargetAttributes = {
					F9BABE65207314410036D6C1 = {
						CreatedOnToolsVersion = 9.3;
						LastSwiftMigration = 0930;
						SystemCapabilities = {
							com.apple.Maps.iOS = {
								enabled = 1;
							};
						};
					};
				};
			};
			buildConfigurationList = F9BABE61207314410036D6C1 /* Build configuration list for PBXProject "first" */;
			compatibilityVersion = "Xcode 9.3";
			developmentRegion = en;
			hasScannedForEncodings = 0;
			knownRegions = (
				en,
				Base,
			);
			mainGroup = F9BABE5D207314410036D6C1;
			productRefGroup = F9BABE67207314410036D6C1 /* Products */;
			projectDirPath = "";
			projectRoot = "";
			targets = (
				F9BABE65207314410036D6C1 /* first */,
			);
		};
/* End PBXProject section */

/* Begin PBXResourcesBuildPhase section */
		F9BABE64207314410036D6C1 /* Resources */ = {
			isa = PBXResourcesBuildPhase;
			buildActionMask = 2147483647;
			files = (
				F9BABE74207314420036D6C1 /* LaunchScreen.storyboard in Resources */,
				F9BABE71207314420036D6C1 /* Assets.xcassets in Resources */,
				F9BABE6F207314410036D6C1 /* Main.storyboard in Resources */,
			);
			runOnlyForDeploymentPostprocessing = 0;
		};
/* End PBXResourcesBuildPhase section */

/* Begin PBXShellScriptBuildPhase section */
		49E31ACF0E4198ED7CD8EA18 /* [CP] Copy Pods Resources */ = {
			isa = PBXShellScriptBuildPhase;
			buildActionMask = 2147483647;
			files = (
			);
			inputPaths = (
				"${SRCROOT}/Pods/Target Support Files/Pods-first/Pods-first-resources.sh",
				"${PODS_ROOT}/AMap3DMap/MAMapKit.framework/AMap.bundle",
				"${PODS_ROOT}/AMapNavi/AMapNaviKit.framework/AMapNavi.bundle",
			);
			name = "[CP] Copy Pods Resources";
			outputPaths = (
				"${TARGET_BUILD_DIR}/${UNLOCALIZED_RESOURCES_FOLDER_PATH}/AMap.bundle",
				"${TARGET_BUILD_DIR}/${UNLOCALIZED_RESOURCES_FOLDER_PATH}/AMapNavi.bundle",
			);
			runOnlyForDeploymentPostprocessing = 0;
			shellPath = /bin/sh;
			shellScript = "\"${SRCROOT}/Pods/Target Support Files/Pods-first/Pods-first-resources.sh\"\n";
			showEnvVarsInLog = 0;
		};
		7E89C9B58B10F02984851BB1 /* [CP] Check Pods Manifest.lock */ = {
			isa = PBXShellScriptBuildPhase;
			buildActionMask = 2147483647;
			files = (
			);
			inputPaths = (
				"${PODS_PODFILE_DIR_PATH}/Podfile.lock",
				"${PODS_ROOT}/Manifest.lock",
			);
			name = "[CP] Check Pods Manifest.lock";
			outputPaths = (
				"$(DERIVED_FILE_DIR)/Pods-first-checkManifestLockResult.txt",
			);
			runOnlyForDeploymentPostprocessing = 0;
			shellPath = /bin/sh;
			shellScript = "diff \"${PODS_PODFILE_DIR_PATH}/Podfile.lock\" \"${PODS_ROOT}/Manifest.lock\" > /dev/null\nif [ $? != 0 ] ; then\n    # print error to STDERR\n    echo \"error: The sandbox is not in sync with the Podfile.lock. Run 'pod install' or update your CocoaPods installation.\" >&2\n    exit 1\nfi\n# This output is used by Xcode 'outputs' to avoid re-running this script phase.\necho \"SUCCESS\" > \"${SCRIPT_OUTPUT_FILE_0}\"\n";
			showEnvVarsInLog = 0;
		};
		CD46956EE0CCC51CFA345DAF /* [CP] Embed Pods Frameworks */ = {
			isa = PBXShellScriptBuildPhase;
			buildActionMask = 2147483647;
			files = (
			);
			inputPaths = (
				"${SRCROOT}/Pods/Target Support Files/Pods-first/Pods-first-frameworks.sh",
				"${BUILT_PRODUCTS_DIR}/FTIndicator/FTIndicator.framework",
				"${BUILT_PRODUCTS_DIR}/SWRevealViewController/SWRevealViewController.framework",
			);
			name = "[CP] Embed Pods Frameworks";
			outputPaths = (
				"${TARGET_BUILD_DIR}/${FRAMEWORKS_FOLDER_PATH}/FTIndicator.framework",
				"${TARGET_BUILD_DIR}/${FRAMEWORKS_FOLDER_PATH}/SWRevealViewController.framework",
			);
			runOnlyForDeploymentPostprocessing = 0;
			shellPath = /bin/sh;
			shellScript = "\"${SRCROOT}/Pods/Target Support Files/Pods-first/Pods-first-frameworks.sh\"\n";
			showEnvVarsInLog = 0;
		};
/* End PBXShellScriptBuildPhase section */

/* Begin PBXSourcesBuildPhase section */
		F9BABE62207314410036D6C1 /* Sources */ = {
			isa = PBXSourcesBuildPhase;
			buildActionMask = 2147483647;
			files = (
				F9BABE6C207314410036D6C1 /* ViewController.swift in Sources */,
				F9BABE7F20731D220036D6C1 /* WebViewController.swift in Sources */,
				F9BABE6A207314410036D6C1 /* AppDelegate.swift in Sources */,
				F9E9898A207401A70027BDF8 /* MenuViewController.swift in Sources */,
			);
			runOnlyForDeploymentPostprocessing = 0;
		};
/* End PBXSourcesBuildPhase section */

/* Begin PBXVariantGroup section */
		F9BABE6D207314410036D6C1 /* Main.storyboard */ = {
			isa = PBXVariantGroup;
			children = (
				F9BABE6E207314410036D6C1 /* Base */,
			);
			name = Main.storyboard;
			sourceTree = "<group>";
		};
		F9BABE72207314420036D6C1 /* LaunchScreen.storyboard */ = {
			isa = PBXVariantGroup;
			children = (
				F9BABE73207314420036D6C1 /* Base */,
			);
			name = LaunchScreen.storyboard;
			sourceTree = "<group>";
		};
/* End PBXVariantGroup section */

/* Begin XCBuildConfiguration section */
		F9BABE76207314420036D6C1 /* Debug */ = {
			isa = XCBuildConfiguration;
			buildSettings = {
				ALWAYS_SEARCH_USER_PATHS = NO;
				CLANG_ANALYZER_NONNULL = YES;
				CLANG_ANALYZER_NUMBER_OBJECT_CONVERSION = YES_AGGRESSIVE;
				CLANG_CXX_LANGUAGE_STANDARD = "gnu++14";
				CLANG_CXX_LIBRARY = "libc++";
				CLANG_ENABLE_MODULES = YES;
				CLANG_ENABLE_OBJC_ARC = YES;
				CLANG_ENABLE_OBJC_WEAK = YES;
				CLANG_WARN_BLOCK_CAPTURE_AUTORELEASING = YES;
				CLANG_WARN_BOOL_CONVERSION = YES;
				CLANG_WARN_COMMA = YES;
				CLANG_WARN_CONSTANT_CONVERSION = YES;
				CLANG_WARN_DEPRECATED_OBJC_IMPLEMENTATIONS = YES;
				CLANG_WARN_DIRECT_OBJC_ISA_USAGE = YES_ERROR;
				CLANG_WARN_DOCUMENTATION_COMMENTS = YES;
				CLANG_WARN_EMPTY_BODY = YES;
				CLANG_WARN_ENUM_CONVERSION = YES;
				CLANG_WARN_INFINITE_RECURSION = YES;
				CLANG_WARN_INT_CONVERSION = YES;
				CLANG_WARN_NON_LITERAL_NULL_CONVERSION = YES;
				CLANG_WARN_OBJC_IMPLICIT_RETAIN_SELF = YES;
				CLANG_WARN_OBJC_LITERAL_CONVERSION = YES;
				CLANG_WARN_OBJC_ROOT_CLASS = YES_ERROR;
				CLANG_WARN_RANGE_LOOP_ANALYSIS = YES;
				CLANG_WARN_STRICT_PROTOTYPES = YES;
				CLANG_WARN_SUSPICIOUS_MOVE = YES;
				CLANG_WARN_UNGUARDED_AVAILABILITY = YES_AGGRESSIVE;
				CLANG_WARN_UNREACHABLE_CODE = YES;
				CLANG_WARN__DUPLICATE_METHOD_MATCH = YES;
				CODE_SIGN_IDENTITY = "iPhone Developer";
				COPY_PHASE_STRIP = NO;
				DEBUG_INFORMATION_FORMAT = dwarf;
				ENABLE_STRICT_OBJC_MSGSEND = YES;
				ENABLE_TESTABILITY = YES;
				GCC_C_LANGUAGE_STANDARD = gnu11;
				GCC_DYNAMIC_NO_PIC = NO;
				GCC_NO_COMMON_BLOCKS = YES;
				GCC_OPTIMIZATION_LEVEL = 0;
				GCC_PREPROCESSOR_DEFINITIONS = (
					"DEBUG=1",
					"$(inherited)",
				);
				GCC_WARN_64_TO_32_BIT_CONVERSION = YES;
				GCC_WARN_ABOUT_RETURN_TYPE = YES_ERROR;
				GCC_WARN_UNDECLARED_SELECTOR = YES;
				GCC_WARN_UNINITIALIZED_AUTOS = YES_AGGRESSIVE;
				GCC_WARN_UNUSED_FUNCTION = YES;
				GCC_WARN_UNUSED_VARIABLE = YES;
				IPHONEOS_DEPLOYMENT_TARGET = 11.3;
				MTL_ENABLE_DEBUG_INFO = YES;
				ONLY_ACTIVE_ARCH = YES;
				SDKROOT = iphoneos;
				SWIFT_ACTIVE_COMPILATION_CONDITIONS = DEBUG;
				SWIFT_OPTIMIZATION_LEVEL = "-Onone";
			};
			name = Debug;
		};
		F9BABE77207314420036D6C1 /* Release */ = {
			isa = XCBuildConfiguration;
			buildSettings = {
				ALWAYS_SEARCH_USER_PATHS = NO;
				CLANG_ANALYZER_NONNULL = YES;
				CLANG_ANALYZER_NUMBER_OBJECT_CONVERSION = YES_AGGRESSIVE;
				CLANG_CXX_LANGUAGE_STANDARD = "gnu++14";
				CLANG_CXX_LIBRARY = "libc++";
				CLANG_ENABLE_MODULES = YES;
				CLANG_ENABLE_OBJC_ARC = YES;
				CLANG_ENABLE_OBJC_WEAK = YES;
				CLANG_WARN_BLOCK_CAPTURE_AUTORELEASING = YES;
				CLANG_WARN_BOOL_CONVERSION = YES;
				CLANG_WARN_COMMA = YES;
				CLANG_WARN_CONSTANT_CONVERSION = YES;
				CLANG_WARN_DEPRECATED_OBJC_IMPLEMENTATIONS = YES;
				CLANG_WARN_DIRECT_OBJC_ISA_USAGE = YES_ERROR;
				CLANG_WARN_DOCUMENTATION_COMMENTS = YES;
				CLANG_WARN_EMPTY_BODY = YES;
				CLANG_WARN_ENUM_CONVERSION = YES;
				CLANG_WARN_INFINITE_RECURSION = YES;
				CLANG_WARN_INT_CONVERSION = YES;
				CLANG_WARN_NON_LITERAL_NULL_CONVERSION = YES;
				CLANG_WARN_OBJC_IMPLICIT_RETAIN_SELF = YES;
				CLANG_WARN_OBJC_LITERAL_CONVERSION = YES;
				CLANG_WARN_OBJC_ROOT_CLASS = YES_ERROR;
				CLANG_WARN_RANGE_LOOP_ANALYSIS = YES;
				CLANG_WARN_STRICT_PROTOTYPES = YES;
				CLANG_WARN_SUSPICIOUS_MOVE = YES;
				CLANG_WARN_UNGUARDED_AVAILABILITY = YES_AGGRESSIVE;
				CLANG_WARN_UNREACHABLE_CODE = YES;
				CLANG_WARN__DUPLICATE_METHOD_MATCH = YES;
				CODE_SIGN_IDENTITY = "iPhone Developer";
				COPY_PHASE_STRIP = NO;
				DEBUG_INFORMATION_FORMAT = "dwarf-with-dsym";
				ENABLE_NS_ASSERTIONS = NO;
				ENABLE_STRICT_OBJC_MSGSEND = YES;
				GCC_C_LANGUAGE_STANDARD = gnu11;
				GCC_NO_COMMON_BLOCKS = YES;
				GCC_WARN_64_TO_32_BIT_CONVERSION = YES;
				GCC_WARN_ABOUT_RETURN_TYPE = YES_ERROR;
				GCC_WARN_UNDECLARED_SELECTOR = YES;
				GCC_WARN_UNINITIALIZED_AUTOS = YES_AGGRESSIVE;
				GCC_WARN_UNUSED_FUNCTION = YES;
				GCC_WARN_UNUSED_VARIABLE = YES;
				IPHONEOS_DEPLOYMENT_TARGET = 11.3;
				MTL_ENABLE_DEBUG_INFO = NO;
				SDKROOT = iphoneos;
				SWIFT_COMPILATION_MODE = wholemodule;
				SWIFT_OPTIMIZATION_LEVEL = "-O";
				VALIDATE_PRODUCT = YES;
			};
			name = Release;
		};
		F9BABE79207314420036D6C1 /* Debug */ = {
			isa = XCBuildConfiguration;
			baseConfigurationReference = 32181F016D24A857A2E36985 /* Pods-first.debug.xcconfig */;
			buildSettings = {
				ASSETCATALOG_COMPILER_APPICON_NAME = AppIcon;
				ASSETCATALOG_COMPILER_LAUNCHIMAGE_NAME = LaunchImage;
				CLANG_ENABLE_MODULES = YES;
				CODE_SIGN_STYLE = Automatic;
				INFOPLIST_FILE = first/Info.plist;
				LD_RUNPATH_SEARCH_PATHS = (
					"$(inherited)",
					"@executable_path/Frameworks",
				);
				PRODUCT_BUNDLE_IDENTIFIER = com.riccin.first;
				PRODUCT_NAME = "$(TARGET_NAME)";
				SWIFT_OBJC_BRIDGING_HEADER = "first/first-Bridging-Header.h";
				SWIFT_OPTIMIZATION_LEVEL = "-Onone";
				SWIFT_VERSION = 4.0;
				TARGETED_DEVICE_FAMILY = "1,2";
			};
			name = Debug;
		};
		F9BABE7A207314420036D6C1 /* Release */ = {
			isa = XCBuildConfiguration;
			baseConfigurationReference = 530A81C8C444E92B5612E9F5 /* Pods-first.release.xcconfig */;
			buildSettings = {
				ASSETCATALOG_COMPILER_APPICON_NAME = AppIcon;
				ASSETCATALOG_COMPILER_LAUNCHIMAGE_NAME = LaunchImage;
				CLANG_ENABLE_MODULES = YES;
				CODE_SIGN_STYLE = Automatic;
				INFOPLIST_FILE = first/Info.plist;
				LD_RUNPATH_SEARCH_PATHS = (
					"$(inherited)",
					"@executable_path/Frameworks",
				);
				PRODUCT_BUNDLE_IDENTIFIER = com.riccin.first;
				PRODUCT_NAME = "$(TARGET_NAME)";
				SWIFT_OBJC_BRIDGING_HEADER = "first/first-Bridging-Header.h";
				SWIFT_VERSION = 4.0;
				TARGETED_DEVICE_FAMILY = "1,2";
			};
			name = Release;
		};
/* End XCBuildConfiguration section */

/* Begin XCConfigurationList section */
		F9BABE61207314410036D6C1 /* Build configuration list for PBXProject "first" */ = {
			isa = XCConfigurationList;
			buildConfigurations = (
				F9BABE76207314420036D6C1 /* Debug */,
				F9BABE77207314420036D6C1 /* Release */,
			);
			defaultConfigurationIsVisible = 0;
			defaultConfigurationName = Release;
		};
		F9BABE78207314420036D6C1 /* Build configuration list for PBXNativeTarget "first" */ = {
			isa = XCConfigurationList;
			buildConfigurations = (
				F9BABE79207314420036D6C1 /* Debug */,
				F9BABE7A207314420036D6C1 /* Release */,
			);
			defaultConfigurationIsVisible = 0;
			defaultConfigurationName = Release;
		};
/* End XCConfigurationList section */
	};
	rootObject = F9BABE5E207314410036D6C1 /* Project object */;
}
